// !$*UTF8*$!
{
	archiveVersion = 1;
	classes = {
	};
	objectVersion = 55;
	objects = {

/* Begin PBXBuildFile section */
		5B7B8FFF27FB28A600C3D668 /* AppDelegate.swift in Sources */ = {isa = PBXBuildFile; fileRef = 5B7B8FFE27FB28A600C3D668 /* AppDelegate.swift */; };
		5B7B900127FB28A600C3D668 /* SceneDelegate.swift in Sources */ = {isa = PBXBuildFile; fileRef = 5B7B900027FB28A600C3D668 /* SceneDelegate.swift */; };
		5B7B900327FB28A600C3D668 /* MainViewController.swift in Sources */ = {isa = PBXBuildFile; fileRef = 5B7B900227FB28A600C3D668 /* MainViewController.swift */; };
		5B7B900627FB28A600C3D668 /* Main.storyboard in Resources */ = {isa = PBXBuildFile; fileRef = 5B7B900427FB28A600C3D668 /* Main.storyboard */; };
		5B7B900827FB28A700C3D668 /* Assets.xcassets in Resources */ = {isa = PBXBuildFile; fileRef = 5B7B900727FB28A700C3D668 /* Assets.xcassets */; };
		5B7B900B27FB28A700C3D668 /* LaunchScreen.storyboard in Resources */ = {isa = PBXBuildFile; fileRef = 5B7B900927FB28A700C3D668 /* LaunchScreen.storyboard */; };
		5B7B901727FB2C5D00C3D668 /* SpringAnimation.swift in Sources */ = {isa = PBXBuildFile; fileRef = 5B7B901627FB2C5D00C3D668 /* SpringAnimation.swift */; };
		5B7B901B27FB30F000C3D668 /* DataManager.swift in Sources */ = {isa = PBXBuildFile; fileRef = 5B7B901A27FB30F000C3D668 /* DataManager.swift */; };
		D8C8CDDBD3B3A5921475224E /* Pods_SpringRandomAnimation.framework in Frameworks */ = {isa = PBXBuildFile; fileRef = F36E267F8BBF112C5F68AF84 /* Pods_SpringRandomAnimation.framework */; };
/* End PBXBuildFile section */

/* Begin PBXFileReference section */
		1121376B3BAB198910A27F9C /* Pods-SpringRandomAnimation.debug.xcconfig */ = {isa = PBXFileReference; includeInIndex = 1; lastKnownFileType = text.xcconfig; name = "Pods-SpringRandomAnimation.debug.xcconfig"; path = "Target Support Files/Pods-SpringRandomAnimation/Pods-SpringRandomAnimation.debug.xcconfig"; sourceTree = "<group>"; };
		5B7B8FFB27FB28A600C3D668 /* SpringRandomAnimation.app */ = {isa = PBXFileReference; explicitFileType = wrapper.application; includeInIndex = 0; path = SpringRandomAnimation.app; sourceTree = BUILT_PRODUCTS_DIR; };
		5B7B8FFE27FB28A600C3D668 /* AppDelegate.swift */ = {isa = PBXFileReference; lastKnownFileType = sourcecode.swift; path = AppDelegate.swift; sourceTree = "<group>"; };
		5B7B900027FB28A600C3D668 /* SceneDelegate.swift */ = {isa = PBXFileReference; lastKnownFileType = sourcecode.swift; path = SceneDelegate.swift; sourceTree = "<group>"; };
		5B7B900227FB28A600C3D668 /* MainViewController.swift */ = {isa = PBXFileReference; lastKnownFileType = sourcecode.swift; path = MainViewController.swift; sourceTree = "<group>"; };
		5B7B900527FB28A600C3D668 /* Base */ = {isa = PBXFileReference; lastKnownFileType = file.storyboard; name = Base; path = Base.lproj/Main.storyboard; sourceTree = "<group>"; };
		5B7B900727FB28A700C3D668 /* Assets.xcassets */ = {isa = PBXFileReference; lastKnownFileType = folder.assetcatalog; path = Assets.xcassets; sourceTree = "<group>"; };
		5B7B900A27FB28A700C3D668 /* Base */ = {isa = PBXFileReference; lastKnownFileType = file.storyboard; name = Base; path = Base.lproj/LaunchScreen.storyboard; sourceTree = "<group>"; };
		5B7B900C27FB28A700C3D668 /* Info.plist */ = {isa = PBXFileReference; lastKnownFileType = text.plist.xml; path = Info.plist; sourceTree = "<group>"; };
		5B7B901627FB2C5D00C3D668 /* SpringAnimation.swift */ = {isa = PBXFileReference; lastKnownFileType = sourcecode.swift; path = SpringAnimation.swift; sourceTree = "<group>"; };
		5B7B901A27FB30F000C3D668 /* DataManager.swift */ = {isa = PBXFileReference; lastKnownFileType = sourcecode.swift; path = DataManager.swift; sourceTree = "<group>"; };
		87DF6DC0E43877395584FA69 /* Pods-SpringRandomAnimation.release.xcconfig */ = {isa = PBXFileReference; includeInIndex = 1; lastKnownFileType = text.xcconfig; name = "Pods-SpringRandomAnimation.release.xcconfig"; path = "Target Support Files/Pods-SpringRandomAnimation/Pods-SpringRandomAnimation.release.xcconfig"; sourceTree = "<group>"; };
		F36E267F8BBF112C5F68AF84 /* Pods_SpringRandomAnimation.framework */ = {isa = PBXFileReference; explicitFileType = wrapper.framework; includeInIndex = 0; path = Pods_SpringRandomAnimation.framework; sourceTree = BUILT_PRODUCTS_DIR; };
/* End PBXFileReference section */

/* Begin PBXFrameworksBuildPhase section */
		5B7B8FF827FB28A600C3D668 /* Frameworks */ = {
			isa = PBXFrameworksBuildPhase;
			buildActionMask = 2147483647;
			files = (
				D8C8CDDBD3B3A5921475224E /* Pods_SpringRandomAnimation.framework in Frameworks */,
			);
			runOnlyForDeploymentPostprocessing = 0;
		};
/* End PBXFrameworksBuildPhase section */

/* Begin PBXGroup section */
		33653FF1C2039E2AEAAB3D32 /* Pods */ = {
			isa = PBXGroup;
			children = (
				1121376B3BAB198910A27F9C /* Pods-SpringRandomAnimation.debug.xcconfig */,
				87DF6DC0E43877395584FA69 /* Pods-SpringRandomAnimation.release.xcconfig */,
			);
			path = Pods;
			sourceTree = "<group>";
		};
		5B7B8FF227FB28A600C3D668 = {
			isa = PBXGroup;
			children = (
				5B7B8FFD27FB28A600C3D668 /* SpringRandomAnimation */,
				5B7B8FFC27FB28A600C3D668 /* Products */,
				33653FF1C2039E2AEAAB3D32 /* Pods */,
				D6C94CFF97EEE4221B3AB6DE /* Frameworks */,
			);
			sourceTree = "<group>";
		};
		5B7B8FFC27FB28A600C3D668 /* Products */ = {
			isa = PBXGroup;
			children = (
				5B7B8FFB27FB28A600C3D668 /* SpringRandomAnimation.app */,
			);
			name = Products;
			sourceTree = "<group>";
		};
		5B7B8FFD27FB28A600C3D668 /* SpringRandomAnimation */ = {
			isa = PBXGroup;
			children = (
				5B7B901927FB30E500C3D668 /* Services */,
				5B7B901527FB2C4600C3D668 /* Models */,
				5B7B901227FB2C1700C3D668 /* App */,
				5B7B901827FB2C6E00C3D668 /* ViewControllers */,
				5B7B901327FB2C2F00C3D668 /* Storyboards */,
				5B7B901427FB2C3800C3D668 /* Resources */,
			);
			path = SpringRandomAnimation;
			sourceTree = "<group>";
		};
		5B7B901227FB2C1700C3D668 /* App */ = {
			isa = PBXGroup;
			children = (
				5B7B8FFE27FB28A600C3D668 /* AppDelegate.swift */,
				5B7B900027FB28A600C3D668 /* SceneDelegate.swift */,
				5B7B900C27FB28A700C3D668 /* Info.plist */,
			);
			path = App;
			sourceTree = "<group>";
		};
		5B7B901327FB2C2F00C3D668 /* Storyboards */ = {
			isa = PBXGroup;
			children = (
				5B7B900427FB28A600C3D668 /* Main.storyboard */,
				5B7B900927FB28A700C3D668 /* LaunchScreen.storyboard */,
			);
			path = Storyboards;
			sourceTree = "<group>";
		};
		5B7B901427FB2C3800C3D668 /* Resources */ = {
			isa = PBXGroup;
			children = (
				5B7B900727FB28A700C3D668 /* Assets.xcassets */,
			);
			path = Resources;
			sourceTree = "<group>";
		};
		5B7B901527FB2C4600C3D668 /* Models */ = {
			isa = PBXGroup;
			children = (
				5B7B901627FB2C5D00C3D668 /* SpringAnimation.swift */,
			);
			path = Models;
			sourceTree = "<group>";
		};
		5B7B901827FB2C6E00C3D668 /* ViewControllers */ = {
			isa = PBXGroup;
			children = (
				5B7B900227FB28A600C3D668 /* MainViewController.swift */,
			);
			path = ViewControllers;
			sourceTree = "<group>";
		};
		5B7B901927FB30E500C3D668 /* Services */ = {
			isa = PBXGroup;
			children = (
				5B7B901A27FB30F000C3D668 /* DataManager.swift */,
			);
			path = Services;
			sourceTree = "<group>";
		};
		D6C94CFF97EEE4221B3AB6DE /* Frameworks */ = {
			isa = PBXGroup;
			children = (
				F36E267F8BBF112C5F68AF84 /* Pods_SpringRandomAnimation.framework */,
			);
			name = Frameworks;
			sourceTree = "<group>";
		};
/* End PBXGroup section */

/* Begin PBXNativeTarget section */
		5B7B8FFA27FB28A600C3D668 /* SpringRandomAnimation */ = {
			isa = PBXNativeTarget;
			buildConfigurationList = 5B7B900F27FB28A700C3D668 /* Build configuration list for PBXNativeTarget "SpringRandomAnimation" */;
			buildPhases = (
				71A60E8562243A057FA0CDB0 /* [CP] Check Pods Manifest.lock */,
				5B7B8FF727FB28A600C3D668 /* Sources */,
				5B7B8FF827FB28A600C3D668 /* Frameworks */,
				5B7B8FF927FB28A600C3D668 /* Resources */,
				688A62740E6F7BB45EDFD4A3 /* [CP] Embed Pods Frameworks */,
			);
			buildRules = (
			);
			dependencies = (
			);
			name = SpringRandomAnimation;
			productName = SpringRandomAnimation;
			productReference = 5B7B8FFB27FB28A600C3D668 /* SpringRandomAnimation.app */;
			productType = "com.apple.product-type.application";
		};
/* End PBXNativeTarget section */

/* Begin PBXProject section */
		5B7B8FF327FB28A600C3D668 /* Project object */ = {
			isa = PBXProject;
			attributes = {
				BuildIndependentTargetsInParallel = 1;
				LastSwiftUpdateCheck = 1330;
				LastUpgradeCheck = 1330;
				TargetAttributes = {
					5B7B8FFA27FB28A600C3D668 = {
						CreatedOnToolsVersion = 13.3;
					};
				};
			};
			buildConfigurationList = 5B7B8FF627FB28A600C3D668 /* Build configuration list for PBXProject "SpringRandomAnimation" */;
			compatibilityVersion = "Xcode 13.0";
			developmentRegion = en;
			hasScannedForEncodings = 0;
			knownRegions = (
				en,
				Base,
			);
			mainGroup = 5B7B8FF227FB28A600C3D668;
			productRefGroup = 5B7B8FFC27FB28A600C3D668 /* Products */;
			projectDirPath = "";
			projectRoot = "";
			targets = (
				5B7B8FFA27FB28A600C3D668 /* SpringRandomAnimation */,
			);
		};
/* End PBXProject section */

/* Begin PBXResourcesBuildPhase section */
		5B7B8FF927FB28A600C3D668 /* Resources */ = {
			isa = PBXResourcesBuildPhase;
			buildActionMask = 2147483647;
			files = (
				5B7B900B27FB28A700C3D668 /* LaunchScreen.storyboard in Resources */,
				5B7B900827FB28A700C3D668 /* Assets.xcassets in Resources */,
				5B7B900627FB28A600C3D668 /* Main.storyboard in Resources */,
			);
			runOnlyForDeploymentPostprocessing = 0;
		};
/* End PBXResourcesBuildPhase section */

/* Begin PBXShellScriptBuildPhase section */
		688A62740E6F7BB45EDFD4A3 /* [CP] Embed Pods Frameworks */ = {
			isa = PBXShellScriptBuildPhase;
			buildActionMask = 2147483647;
			files = (
			);
			inputFileListPaths = (
				"${PODS_ROOT}/Target Support Files/Pods-SpringRandomAnimation/Pods-SpringRandomAnimation-frameworks-${CONFIGURATION}-input-files.xcfilelist",
			);
			name = "[CP] Embed Pods Frameworks";
			outputFileListPaths = (
				"${PODS_ROOT}/Target Support Files/Pods-SpringRandomAnimation/Pods-SpringRandomAnimation-frameworks-${CONFIGURATION}-output-files.xcfilelist",
			);
			runOnlyForDeploymentPostprocessing = 0;
			shellPath = /bin/sh;
			shellScript = "\"${PODS_ROOT}/Target Support Files/Pods-SpringRandomAnimation/Pods-SpringRandomAnimation-frameworks.sh\"\n";
			showEnvVarsInLog = 0;
		};
		71A60E8562243A057FA0CDB0 /* [CP] Check Pods Manifest.lock */ = {
			isa = PBXShellScriptBuildPhase;
			buildActionMask = 2147483647;
			files = (
			);
			inputFileListPaths = (
			);
			inputPaths = (
				"${PODS_PODFILE_DIR_PATH}/Podfile.lock",
				"${PODS_ROOT}/Manifest.lock",
			);
			name = "[CP] Check Pods Manifest.lock";
			outputFileListPaths = (
			);
			outputPaths = (
				"$(DERIVED_FILE_DIR)/Pods-SpringRandomAnimation-checkManifestLockResult.txt",
			);
			runOnlyForDeploymentPostprocessing = 0;
			shellPath = /bin/sh;
			shellScript = "diff \"${PODS_PODFILE_DIR_PATH}/Podfile.lock\" \"${PODS_ROOT}/Manifest.lock\" > /dev/null\nif [ $? != 0 ] ; then\n    # print error to STDERR\n    echo \"error: The sandbox is not in sync with the Podfile.lock. Run 'pod install' or update your CocoaPods installation.\" >&2\n    exit 1\nfi\n# This output is used by Xcode 'outputs' to avoid re-running this script phase.\necho \"SUCCESS\" > \"${SCRIPT_OUTPUT_FILE_0}\"\n";
			showEnvVarsInLog = 0;
		};
/* End PBXShellScriptBuildPhase section */

/* Begin PBXSourcesBuildPhase section */
		5B7B8FF727FB28A600C3D668 /* Sources */ = {
			isa = PBXSourcesBuildPhase;
			buildActionMask = 2147483647;
			files = (
				5B7B900327FB28A600C3D668 /* MainViewController.swift in Sources */,
				5B7B901B27FB30F000C3D668 /* DataManager.swift in Sources */,
				5B7B8FFF27FB28A600C3D668 /* AppDelegate.swift in Sources */,
				5B7B900127FB28A600C3D668 /* SceneDelegate.swift in Sources */,
				5B7B901727FB2C5D00C3D668 /* SpringAnimation.swift in Sources */,
			);
			runOnlyForDeploymentPostprocessing = 0;
		};
/* End PBXSourcesBuildPhase section */

/* Begin PBXVariantGroup section */
		5B7B900427FB28A600C3D668 /* Main.storyboard */ = {
			isa = PBXVariantGroup;
			children = (
				5B7B900527FB28A600C3D668 /* Base */,
			);
			name = Main.storyboard;
			sourceTree = "<group>";
		};
		5B7B900927FB28A700C3D668 /* LaunchScreen.storyboard */ = {
			isa = PBXVariantGroup;
			children = (
				5B7B900A27FB28A700C3D668 /* Base */,
			);
			name = LaunchScreen.storyboard;
			sourceTree = "<group>";
		};
/* End PBXVariantGroup section */

/* Begin XCBuildConfiguration section */
		5B7B900D27FB28A700C3D668 /* Debug */ = {
			isa = XCBuildConfiguration;
			buildSettings = {
				ALWAYS_SEARCH_USER_PATHS = NO;
				CLANG_ANALYZER_NONNULL = YES;
				CLANG_ANALYZER_NUMBER_OBJECT_CONVERSION = YES_AGGRESSIVE;
				CLANG_CXX_LANGUAGE_STANDARD = "gnu++17";
				CLANG_ENABLE_MODULES = YES;
				CLANG_ENABLE_OBJC_ARC = YES;
				CLANG_ENABLE_OBJC_WEAK = YES;
				CLANG_WARN_BLOCK_CAPTURE_AUTORELEASING = YES;
				CLANG_WARN_BOOL_CONVERSION = YES;
				CLANG_WARN_COMMA = YES;
				CLANG_WARN_CONSTANT_CONVERSION = YES;
				CLANG_WARN_DEPRECATED_OBJC_IMPLEMENTATIONS = YES;
				CLANG_WARN_DIRECT_OBJC_ISA_USAGE = YES_ERROR;
				CLANG_WARN_DOCUMENTATION_COMMENTS = YES;
				CLANG_WARN_EMPTY_BODY = YES;
				CLANG_WARN_ENUM_CONVERSION = YES;
				CLANG_WARN_INFINITE_RECURSION = YES;
				CLANG_WARN_INT_CONVERSION = YES;
				CLANG_WARN_NON_LITERAL_NULL_CONVERSION = YES;
				CLANG_WARN_OBJC_IMPLICIT_RETAIN_SELF = YES;
				CLANG_WARN_OBJC_LITERAL_CONVERSION = YES;
				CLANG_WARN_OBJC_ROOT_CLASS = YES_ERROR;
				CLANG_WARN_QUOTED_INCLUDE_IN_FRAMEWORK_HEADER = YES;
				CLANG_WARN_RANGE_LOOP_ANALYSIS = YES;
				CLANG_WARN_STRICT_PROTOTYPES = YES;
				CLANG_WARN_SUSPICIOUS_MOVE = YES;
				CLANG_WARN_UNGUARDED_AVAILABILITY = YES_AGGRESSIVE;
				CLANG_WARN_UNREACHABLE_CODE = YES;
				CLANG_WARN__DUPLICATE_METHOD_MATCH = YES;
				COPY_PHASE_STRIP = NO;
				DEBUG_INFORMATION_FORMAT = dwarf;
				ENABLE_STRICT_OBJC_MSGSEND = YES;
				ENABLE_TESTABILITY = YES;
				GCC_C_LANGUAGE_STANDARD = gnu11;
				GCC_DYNAMIC_NO_PIC = NO;
				GCC_NO_COMMON_BLOCKS = YES;
				GCC_OPTIMIZATION_LEVEL = 0;
				GCC_PREPROCESSOR_DEFINITIONS = (
					"DEBUG=1",
					"$(inherited)",
				);
				GCC_WARN_64_TO_32_BIT_CONVERSION = YES;
				GCC_WARN_ABOUT_RETURN_TYPE = YES_ERROR;
				GCC_WARN_UNDECLARED_SELECTOR = YES;
				GCC_WARN_UNINITIALIZED_AUTOS = YES_AGGRESSIVE;
				GCC_WARN_UNUSED_FUNCTION = YES;
				GCC_WARN_UNUSED_VARIABLE = YES;
				IPHONEOS_DEPLOYMENT_TARGET = 15.4;
				MTL_ENABLE_DEBUG_INFO = INCLUDE_SOURCE;
				MTL_FAST_MATH = YES;
				ONLY_ACTIVE_ARCH = YES;
				SDKROOT = iphoneos;
				SWIFT_ACTIVE_COMPILATION_CONDITIONS = DEBUG;
				SWIFT_OPTIMIZATION_LEVEL = "-Onone";
			};
			name = Debug;
		};
		5B7B900E27FB28A700C3D668 /* Release */ = {
			isa = XCBuildConfiguration;
			buildSettings = {
				ALWAYS_SEARCH_USER_PATHS = NO;
				CLANG_ANALYZER_NONNULL = YES;
				CLANG_ANALYZER_NUMBER_OBJECT_CONVERSION = YES_AGGRESSIVE;
				CLANG_CXX_LANGUAGE_STANDARD = "gnu++17";
				CLANG_ENABLE_MODULES = YES;
				CLANG_ENABLE_OBJC_ARC = YES;
				CLANG_ENABLE_OBJC_WEAK = YES;
				CLANG_WARN_BLOCK_CAPTURE_AUTORELEASING = YES;
				CLANG_WARN_BOOL_CONVERSION = YES;
				CLANG_WARN_COMMA = YES;
				CLANG_WARN_CONSTANT_CONVERSION = YES;
				CLANG_WARN_DEPRECATED_OBJC_IMPLEMENTATIONS = YES;
				CLANG_WARN_DIRECT_OBJC_ISA_USAGE = YES_ERROR;
				CLANG_WARN_DOCUMENTATION_COMMENTS = YES;
				CLANG_WARN_EMPTY_BODY = YES;
				CLANG_WARN_ENUM_CONVERSION = YES;
				CLANG_WARN_INFINITE_RECURSION = YES;
				CLANG_WARN_INT_CONVERSION = YES;
				CLANG_WARN_NON_LITERAL_NULL_CONVERSION = YES;
				CLANG_WARN_OBJC_IMPLICIT_RETAIN_SELF = YES;
				CLANG_WARN_OBJC_LITERAL_CONVERSION = YES;
				CLANG_WARN_OBJC_ROOT_CLASS = YES_ERROR;
				CLANG_WARN_QUOTED_INCLUDE_IN_FRAMEWORK_HEADER = YES;
				CLANG_WARN_RANGE_LOOP_ANALYSIS = YES;
				CLANG_WARN_STRICT_PROTOTYPES = YES;
				CLANG_WARN_SUSPICIOUS_MOVE = YES;
				CLANG_WARN_UNGUARDED_AVAILABILITY = YES_AGGRESSIVE;
				CLANG_WARN_UNREACHABLE_CODE = YES;
				CLANG_WARN__DUPLICATE_METHOD_MATCH = YES;
				COPY_PHASE_STRIP = NO;
				DEBUG_INFORMATION_FORMAT = "dwarf-with-dsym";
				ENABLE_NS_ASSERTIONS = NO;
				ENABLE_STRICT_OBJC_MSGSEND = YES;
				GCC_C_LANGUAGE_STANDARD = gnu11;
				GCC_NO_COMMON_BLOCKS = YES;
				GCC_WARN_64_TO_32_BIT_CONVERSION = YES;
				GCC_WARN_ABOUT_RETURN_TYPE = YES_ERROR;
				GCC_WARN_UNDECLARED_SELECTOR = YES;
				GCC_WARN_UNINITIALIZED_AUTOS = YES_AGGRESSIVE;
				GCC_WARN_UNUSED_FUNCTION = YES;
				GCC_WARN_UNUSED_VARIABLE = YES;
				IPHONEOS_DEPLOYMENT_TARGET = 15.4;
				MTL_ENABLE_DEBUG_INFO = NO;
				MTL_FAST_MATH = YES;
				SDKROOT = iphoneos;
				SWIFT_COMPILATION_MODE = wholemodule;
				SWIFT_OPTIMIZATION_LEVEL = "-O";
				VALIDATE_PRODUCT = YES;
			};
			name = Release;
		};
		5B7B901027FB28A700C3D668 /* Debug */ = {
			isa = XCBuildConfiguration;
			baseConfigurationReference = 1121376B3BAB198910A27F9C /* Pods-SpringRandomAnimation.debug.xcconfig */;
			buildSettings = {
				ASSETCATALOG_COMPILER_APPICON_NAME = AppIcon;
				ASSETCATALOG_COMPILER_GLOBAL_ACCENT_COLOR_NAME = AccentColor;
				CODE_SIGN_STYLE = Automatic;
				CURRENT_PROJECT_VERSION = 1;
				GENERATE_INFOPLIST_FILE = YES;
				INFOPLIST_FILE = SpringRandomAnimation/App/Info.plist;
				INFOPLIST_KEY_UIApplicationSupportsIndirectInputEvents = YES;
				INFOPLIST_KEY_UILaunchStoryboardName = LaunchScreen;
				INFOPLIST_KEY_UIMainStoryboardFile = Main;
				INFOPLIST_KEY_UISupportedInterfaceOrientations_iPad = "UIInterfaceOrientationPortrait UIInterfaceOrientationPortraitUpsideDown UIInterfaceOrientationLandscapeLeft UIInterfaceOrientationLandscapeRight";
				INFOPLIST_KEY_UISupportedInterfaceOrientations_iPhone = "UIInterfaceOrientationPortrait UIInterfaceOrientationLandscapeLeft UIInterfaceOrientationLandscapeRight";
				LD_RUNPATH_SEARCH_PATHS = (
					"$(inherited)",
					"@executable_path/Frameworks",
				);
				MARKETING_VERSION = 1.0;
				PRODUCT_BUNDLE_IDENTIFIER = ru.rhiskey.SpringRandomAnimation;
				PRODUCT_NAME = "$(TARGET_NAME)";
				SWIFT_EMIT_LOC_STRINGS = YES;
				SWIFT_VERSION = 5.0;
				TARGETED_DEVICE_FAMILY = 1;
			};
			name = Debug;
		};
		5B7B901127FB28A700C3D668 /* Release */ = {
			isa = XCBuildConfiguration;
			baseConfigurationReference = 87DF6DC0E43877395584FA69 /* Pods-SpringRandomAnimation.release.xcconfig */;
			buildSettings = {
				ASSETCATALOG_COMPILER_APPICON_NAME = AppIcon;
				ASSETCATALOG_COMPILER_GLOBAL_ACCENT_COLOR_NAME = AccentColor;
				CODE_SIGN_STYLE = Automatic;
				CURRENT_PROJECT_VERSION = 1;
				GENERATE_INFOPLIST_FILE = YES;
				INFOPLIST_FILE = SpringRandomAnimation/App/Info.plist;
				INFOPLIST_KEY_UIApplicationSupportsIndirectInputEvents = YES;
				INFOPLIST_KEY_UILaunchStoryboardName = LaunchScreen;
				INFOPLIST_KEY_UIMainStoryboardFile = Main;
				INFOPLIST_KEY_UISupportedInterfaceOrientations_iPad = "UIInterfaceOrientationPortrait UIInterfaceOrientationPortraitUpsideDown UIInterfaceOrientationLandscapeLeft UIInterfaceOrientationLandscapeRight";
				INFOPLIST_KEY_UISupportedInterfaceOrientations_iPhone = "UIInterfaceOrientationPortrait UIInterfaceOrientationLandscapeLeft UIInterfaceOrientationLandscapeRight";
				LD_RUNPATH_SEARCH_PATHS = (
					"$(inherited)",
					"@executable_path/Frameworks",
				);
				MARKETING_VERSION = 1.0;
				PRODUCT_BUNDLE_IDENTIFIER = ru.rhiskey.SpringRandomAnimation;
				PRODUCT_NAME = "$(TARGET_NAME)";
				SWIFT_EMIT_LOC_STRINGS = YES;
				SWIFT_VERSION = 5.0;
				TARGETED_DEVICE_FAMILY = 1;
			};
			name = Release;
		};
/* End XCBuildConfiguration section */

/* Begin XCConfigurationList section */
		5B7B8FF627FB28A600C3D668 /* Build configuration list for PBXProject "SpringRandomAnimation" */ = {
			isa = XCConfigurationList;
			buildConfigurations = (
				5B7B900D27FB28A700C3D668 /* Debug */,
				5B7B900E27FB28A700C3D668 /* Release */,
			);
			defaultConfigurationIsVisible = 0;
			defaultConfigurationName = Release;
		};
		5B7B900F27FB28A700C3D668 /* Build configuration list for PBXNativeTarget "SpringRandomAnimation" */ = {
			isa = XCConfigurationList;
			buildConfigurations = (
				5B7B901027FB28A700C3D668 /* Debug */,
				5B7B901127FB28A700C3D668 /* Release */,
			);
			defaultConfigurationIsVisible = 0;
			defaultConfigurationName = Release;
		};
/* End XCConfigurationList section */
	};
	rootObject = 5B7B8FF327FB28A600C3D668 /* Project object */;
}
